{
  "lockfileVersion": 1,
  "dependencies": {
    "pure-prompt": {
      "version": "1.6.0",
      "resolved": "https://registry.npmjs.org/pure-prompt/-/pure-prompt-1.6.0.tgz",
      "integrity": "sha512-P6lQiajQ79EQbl8bNbrCRjoeD3JssG547iPUtEi57mAGWXWkC5mf1EqeLgTwZ38Hhg2YSfREUwSSBQoJZ7fp1g=="
    }
  }
}
